
Microsoft Visual Studio Solution File, Format Version 12.00
# Visual Studio 2017
Project("{FAE04EC0-301F-11D3-BF4B-00C04F79EFBC}") = "Battle-Links", "Battle-Links.csproj", "{23492ED2-352A-5C83-739D-C788036A8A2F}"
EndProject
Global
	GlobalSection(SolutionConfigurationPlatforms) = preSolution
		Debug|Any CPU = Debug|Any CPU
		Release|Any CPU = Release|Any CPU
	EndGlobalSection
	GlobalSection(ProjectConfigurationPlatforms) = postSolution
		{23492ED2-352A-5C83-739D-C788036A8A2F}.Debug|Any CPU.ActiveCfg = Debug|Any CPU
		{23492ED2-352A-5C83-739D-C788036A8A2F}.Debug|Any CPU.Build.0 = Debug|Any CPU
		{23492ED2-352A-5C83-739D-C788036A8A2F}.Release|Any CPU.ActiveCfg = Release|Any CPU
		{23492ED2-352A-5C83-739D-C788036A8A2F}.Release|Any CPU.Build.0 = Release|Any CPU
	EndGlobalSection
	GlobalSection(SolutionProperties) = preSolution
		HideSolutionNode = FALSE
	EndGlobalSection
EndGlobal
